
Microsoft Visual Studio Solution File, Format Version 12.00
# Visual Studio Version 16
VisualStudioVersion = 16.0.29519.181
MinimumVisualStudioVersion = 10.0.40219.1
Project("{2150E333-8FDC-42A3-9474-1A3956D46DE8}") = "Solution Items", "Solution Items", "{3872DFC8-7817-402A-BA1D-4DB62CC15FA3}"
	ProjectSection(SolutionItems) = preProject
		ReadMe.md = ReadMe.md
	EndProjectSection
EndProject
Project("{6EC3EE1D-3C4E-46DD-8F32-0CC8E7565705}") = "Bege.Tests", "Bege.Tests\Bege.Tests.fsproj", "{41497B57-7D97-4EFB-99EE-B5F89EE0B6AB}"
EndProject
Project("{FAE04EC0-301F-11D3-BF4B-00C04F79EFBC}") = "Bege", "Bege\Bege.csproj", "{AAF23B9C-44E1-4DC5-AC24-A4BB30349B5F}"
EndProject
Project("{6EC3EE1D-3C4E-46DD-8F32-0CC8E7565705}") = "Bege.Lib", "Bege.Lib\Bege.Lib.fsproj", "{6A129C06-401C-4EB5-B0BA-F2DC5DD7EBC4}"
EndProject
Global
	GlobalSection(SolutionConfigurationPlatforms) = preSolution
		Debug|Any CPU = Debug|Any CPU
		Debug|x64 = Debug|x64
		Debug|x86 = Debug|x86
		Release|Any CPU = Release|Any CPU
		Release|x64 = Release|x64
		Release|x86 = Release|x86
	EndGlobalSection
	GlobalSection(ProjectConfigurationPlatforms) = postSolution
		{41497B57-7D97-4EFB-99EE-B5F89EE0B6AB}.Debug|Any CPU.ActiveCfg = Debug|Any CPU
		{41497B57-7D97-4EFB-99EE-B5F89EE0B6AB}.Debug|Any CPU.Build.0 = Debug|Any CPU
		{41497B57-7D97-4EFB-99EE-B5F89EE0B6AB}.Debug|x64.ActiveCfg = Debug|Any CPU
		{41497B57-7D97-4EFB-99EE-B5F89EE0B6AB}.Debug|x64.Build.0 = Debug|Any CPU
		{41497B57-7D97-4EFB-99EE-B5F89EE0B6AB}.Debug|x86.ActiveCfg = Debug|Any CPU
		{41497B57-7D97-4EFB-99EE-B5F89EE0B6AB}.Debug|x86.Build.0 = Debug|Any CPU
		{41497B57-7D97-4EFB-99EE-B5F89EE0B6AB}.Release|Any CPU.ActiveCfg = Release|Any CPU
		{41497B57-7D97-4EFB-99EE-B5F89EE0B6AB}.Release|Any CPU.Build.0 = Release|Any CPU
		{41497B57-7D97-4EFB-99EE-B5F89EE0B6AB}.Release|x64.ActiveCfg = Release|Any CPU
		{41497B57-7D97-4EFB-99EE-B5F89EE0B6AB}.Release|x64.Build.0 = Release|Any CPU
		{41497B57-7D97-4EFB-99EE-B5F89EE0B6AB}.Release|x86.ActiveCfg = Release|Any CPU
		{41497B57-7D97-4EFB-99EE-B5F89EE0B6AB}.Release|x86.Build.0 = Release|Any CPU
		{AAF23B9C-44E1-4DC5-AC24-A4BB30349B5F}.Debug|Any CPU.ActiveCfg = Debug|Any CPU
		{AAF23B9C-44E1-4DC5-AC24-A4BB30349B5F}.Debug|Any CPU.Build.0 = Debug|Any CPU
		{AAF23B9C-44E1-4DC5-AC24-A4BB30349B5F}.Debug|x64.ActiveCfg = Debug|Any CPU
		{AAF23B9C-44E1-4DC5-AC24-A4BB30349B5F}.Debug|x64.Build.0 = Debug|Any CPU
		{AAF23B9C-44E1-4DC5-AC24-A4BB30349B5F}.Debug|x86.ActiveCfg = Debug|Any CPU
		{AAF23B9C-44E1-4DC5-AC24-A4BB30349B5F}.Debug|x86.Build.0 = Debug|Any CPU
		{AAF23B9C-44E1-4DC5-AC24-A4BB30349B5F}.Release|Any CPU.ActiveCfg = Release|Any CPU
		{AAF23B9C-44E1-4DC5-AC24-A4BB30349B5F}.Release|Any CPU.Build.0 = Release|Any CPU
		{AAF23B9C-44E1-4DC5-AC24-A4BB30349B5F}.Release|x64.ActiveCfg = Release|Any CPU
		{AAF23B9C-44E1-4DC5-AC24-A4BB30349B5F}.Release|x64.Build.0 = Release|Any CPU
		{AAF23B9C-44E1-4DC5-AC24-A4BB30349B5F}.Release|x86.ActiveCfg = Release|Any CPU
		{AAF23B9C-44E1-4DC5-AC24-A4BB30349B5F}.Release|x86.Build.0 = Release|Any CPU
		{6A129C06-401C-4EB5-B0BA-F2DC5DD7EBC4}.Debug|Any CPU.ActiveCfg = Debug|Any CPU
		{6A129C06-401C-4EB5-B0BA-F2DC5DD7EBC4}.Debug|Any CPU.Build.0 = Debug|Any CPU
		{6A129C06-401C-4EB5-B0BA-F2DC5DD7EBC4}.Debug|x64.ActiveCfg = Debug|Any CPU
		{6A129C06-401C-4EB5-B0BA-F2DC5DD7EBC4}.Debug|x64.Build.0 = Debug|Any CPU
		{6A129C06-401C-4EB5-B0BA-F2DC5DD7EBC4}.Debug|x86.ActiveCfg = Debug|Any CPU
		{6A129C06-401C-4EB5-B0BA-F2DC5DD7EBC4}.Debug|x86.Build.0 = Debug|Any CPU
		{6A129C06-401C-4EB5-B0BA-F2DC5DD7EBC4}.Release|Any CPU.ActiveCfg = Release|Any CPU
		{6A129C06-401C-4EB5-B0BA-F2DC5DD7EBC4}.Release|Any CPU.Build.0 = Release|Any CPU
		{6A129C06-401C-4EB5-B0BA-F2DC5DD7EBC4}.Release|x64.ActiveCfg = Release|Any CPU
		{6A129C06-401C-4EB5-B0BA-F2DC5DD7EBC4}.Release|x64.Build.0 = Release|Any CPU
		{6A129C06-401C-4EB5-B0BA-F2DC5DD7EBC4}.Release|x86.ActiveCfg = Release|Any CPU
		{6A129C06-401C-4EB5-B0BA-F2DC5DD7EBC4}.Release|x86.Build.0 = Release|Any CPU
	EndGlobalSection
	GlobalSection(SolutionProperties) = preSolution
		HideSolutionNode = FALSE
	EndGlobalSection
	GlobalSection(ExtensibilityGlobals) = postSolution
		SolutionGuid = {6CF4BE6C-5F1E-46F0-9CDB-06D871C8C562}
	EndGlobalSection
EndGlobal
